
Microsoft Visual Studio Solution File, Format Version 12.00
# Visual Studio Version 17
VisualStudioVersion = 17.14.36511.14 d17.14
MinimumVisualStudioVersion = 10.0.40219.1
Project("{2150E333-8FDC-42A3-9474-1A3956D46DE8}") = "API", "API", "{C8D5274F-AC00-46C7-1F8D-E88E81087A52}"
EndProject
Project("{2150E333-8FDC-42A3-9474-1A3956D46DE8}") = "Service", "Service", "{E2222222-2222-4F2A-8222-222222222222}"
EndProject
Project("{FAE04EC0-301F-11D3-BF4B-00C04F79EFBC}") = "AlbaAPI.Service", "AlbaAPI.Service\AlbaAPI.Service.csproj", "{E4F5A6B7-4C5D-4E6F-9A0B-1C2D3E4F5A6B}"
EndProject
Project("{2150E333-8FDC-42A3-9474-1A3956D46DE8}") = "Repository", "Repository", "{E3333333-3333-4F3A-8333-333333333333}"
EndProject
Project("{FAE04EC0-301F-11D3-BF4B-00C04F79EFBC}") = "AlbaAPI.Repository", "AlbaAPI.Repository\AlbaAPI.Repository.csproj", "{F5A6B7C8-5D6E-4F7A-0B1C-2D3E4F5A6B7C}"
EndProject
Project("{FAE04EC0-301F-11D3-BF4B-00C04F79EFBC}") = "AlbaAPI.Pc", "API\AlbaAPI.Pc\AlbaAPI.Pc.csproj", "{18D8D7A8-EA1C-46F9-8A0D-9803E07CE6DA}"
EndProject
Project("{FAE04EC0-301F-11D3-BF4B-00C04F79EFBC}") = "AlbaAPI.Mobile", "API\AlbaAPI.Mobile\AlbaAPI.Mobile.csproj", "{A1B2C3D4-1E2F-4A5B-8C9D-0E1F2A3B4C5D}"
EndProject
Project("{FAE04EC0-301F-11D3-BF4B-00C04F79EFBC}") = "AlbaAPI.App", "API\AlbaAPI.App\AlbaAPI.App.csproj", "{B2C3D4E5-2F3A-4B5C-9D0E-1F2A3B4C5D6E}"
EndProject
Global
	GlobalSection(SolutionConfigurationPlatforms) = preSolution
		Debug|Any CPU = Debug|Any CPU
		Release|Any CPU = Release|Any CPU
	EndGlobalSection
	GlobalSection(ProjectConfigurationPlatforms) = postSolution
		{18D8D7A8-EA1C-46F9-8A0D-9803E07CE6DA}.Debug|Any CPU.ActiveCfg = Debug|Any CPU
		{18D8D7A8-EA1C-46F9-8A0D-9803E07CE6DA}.Debug|Any CPU.Build.0 = Debug|Any CPU
		{18D8D7A8-EA1C-46F9-8A0D-9803E07CE6DA}.Release|Any CPU.ActiveCfg = Release|Any CPU
		{18D8D7A8-EA1C-46F9-8A0D-9803E07CE6DA}.Release|Any CPU.Build.0 = Release|Any CPU
		{A1B2C3D4-1E2F-4A5B-8C9D-0E1F2A3B4C5D}.Debug|Any CPU.ActiveCfg = Debug|Any CPU
		{A1B2C3D4-1E2F-4A5B-8C9D-0E1F2A3B4C5D}.Debug|Any CPU.Build.0 = Debug|Any CPU
		{A1B2C3D4-1E2F-4A5B-8C9D-0E1F2A3B4C5D}.Release|Any CPU.ActiveCfg = Release|Any CPU
		{A1B2C3D4-1E2F-4A5B-8C9D-0E1F2A3B4C5D}.Release|Any CPU.Build.0 = Release|Any CPU
		{B2C3D4E5-2F3A-4B5C-9D0E-1F2A3B4C5D6E}.Debug|Any CPU.ActiveCfg = Debug|Any CPU
		{B2C3D4E5-2F3A-4B5C-9D0E-1F2A3B4C5D6E}.Debug|Any CPU.Build.0 = Debug|Any CPU
		{B2C3D4E5-2F3A-4B5C-9D0E-1F2A3B4C5D6E}.Release|Any CPU.ActiveCfg = Release|Any CPU
		{B2C3D4E5-2F3A-4B5C-9D0E-1F2A3B4C5D6E}.Release|Any CPU.Build.0 = Release|Any CPU
		{E4F5A6B7-4C5D-4E6F-9A0B-1C2D3E4F5A6B}.Debug|Any CPU.ActiveCfg = Debug|Any CPU
		{E4F5A6B7-4C5D-4E6F-9A0B-1C2D3E4F5A6B}.Debug|Any CPU.Build.0 = Debug|Any CPU
		{E4F5A6B7-4C5D-4E6F-9A0B-1C2D3E4F5A6B}.Release|Any CPU.ActiveCfg = Release|Any CPU
		{E4F5A6B7-4C5D-4E6F-9A0B-1C2D3E4F5A6B}.Release|Any CPU.Build.0 = Release|Any CPU
		{F5A6B7C8-5D6E-4F7A-0B1C-2D3E4F5A6B7C}.Debug|Any CPU.ActiveCfg = Debug|Any CPU
		{F5A6B7C8-5D6E-4F7A-0B1C-2D3E4F5A6B7C}.Debug|Any CPU.Build.0 = Debug|Any CPU
		{F5A6B7C8-5D6E-4F7A-0B1C-2D3E4F5A6B7C}.Release|Any CPU.ActiveCfg = Release|Any CPU
		{F5A6B7C8-5D6E-4F7A-0B1C-2D3E4F5A6B7C}.Release|Any CPU.Build.0 = Release|Any CPU
	EndGlobalSection
	GlobalSection(SolutionProperties) = preSolution
		HideSolutionNode = FALSE
	EndGlobalSection
	GlobalSection(NestedProjects) = preSolution
		{18D8D7A8-EA1C-46F9-8A0D-9803E07CE6DA} = {C8D5274F-AC00-46C7-1F8D-E88E81087A52}
		{A1B2C3D4-1E2F-4A5B-8C9D-0E1F2A3B4C5D} = {C8D5274F-AC00-46C7-1F8D-E88E81087A52}
		{B2C3D4E5-2F3A-4B5C-9D0E-1F2A3B4C5D6E} = {C8D5274F-AC00-46C7-1F8D-E88E81087A52}
		{E4F5A6B7-4C5D-4E6F-9A0B-1C2D3E4F5A6B} = {E2222222-2222-4F2A-8222-222222222222}
		{F5A6B7C8-5D6E-4F7A-0B1C-2D3E4F5A6B7C} = {E3333333-3333-4F3A-8333-333333333333}
	EndGlobalSection
	GlobalSection(ExtensibilityGlobals) = postSolution
		SolutionGuid = {0742078A-21AB-48AE-AC95-845333E0675C}
	EndGlobalSection
EndGlobal
